// !$*UTF8*$!
{
	archiveVersion = 1;
	classes = {
	};
	objectVersion = 46;
	objects = {

/* Begin PBXBuildFile section */
		451251671F19404F00ACF5C0 /* main.m in Sources */ = {isa = PBXBuildFile; fileRef = 451251661F19404F00ACF5C0 /* main.m */; };
		4512516A1F19404F00ACF5C0 /* AppDelegate.m in Sources */ = {isa = PBXBuildFile; fileRef = 451251691F19404F00ACF5C0 /* AppDelegate.m */; };
		4512516D1F19404F00ACF5C0 /* ViewController.m in Sources */ = {isa = PBXBuildFile; fileRef = 4512516C1F19404F00ACF5C0 /* ViewController.m */; };
		451251701F19404F00ACF5C0 /* Main.storyboard in Resources */ = {isa = PBXBuildFile; fileRef = 4512516E1F19404F00ACF5C0 /* Main.storyboard */; };
		451251721F19404F00ACF5C0 /* Assets.xcassets in Resources */ = {isa = PBXBuildFile; fileRef = 451251711F19404F00ACF5C0 /* Assets.xcassets */; };
		451251751F19404F00ACF5C0 /* LaunchScreen.storyboard in Resources */ = {isa = PBXBuildFile; fileRef = 451251731F19404F00ACF5C0 /* LaunchScreen.storyboard */; };
/* End PBXBuildFile section */

/* Begin PBXFileReference section */
		451251621F19404F00ACF5C0 /* PageParser.app */ = {isa = PBXFileReference; explicitFileType = wrapper.application; includeInIndex = 0; path = PageParser.app; sourceTree = BUILT_PRODUCTS_DIR; };
		451251661F19404F00ACF5C0 /* main.m */ = {isa = PBXFileReference; lastKnownFileType = sourcecode.c.objc; path = main.m; sourceTree = "<group>"; };
		451251681F19404F00ACF5C0 /* AppDelegate.h */ = {isa = PBXFileReference; lastKnownFileType = sourcecode.c.h; path = AppDelegate.h; sourceTree = "<group>"; };
		451251691F19404F00ACF5C0 /* AppDelegate.m */ = {isa = PBXFileReference; lastKnownFileType = sourcecode.c.objc; path = AppDelegate.m; sourceTree = "<group>"; };
		4512516B1F19404F00ACF5C0 /* ViewController.h */ = {isa = PBXFileReference; lastKnownFileType = sourcecode.c.h; path = ViewController.h; sourceTree = "<group>"; };
		4512516C1F19404F00ACF5C0 /* ViewController.m */ = {isa = PBXFileReference; lastKnownFileType = sourcecode.c.objc; path = ViewController.m; sourceTree = "<group>"; };
		4512516F1F19404F00ACF5C0 /* Base */ = {isa = PBXFileReference; lastKnownFileType = file.storyboard; name = Base; path = Base.lproj/Main.storyboard; sourceTree = "<group>"; };
		451251711F19404F00ACF5C0 /* Assets.xcassets */ = {isa = PBXFileReference; lastKnownFileType = folder.assetcatalog; path = Assets.xcassets; sourceTree = "<group>"; };
		451251741F19404F00ACF5C0 /* Base */ = {isa = PBXFileReference; lastKnownFileType = file.storyboard; name = Base; path = Base.lproj/LaunchScreen.storyboard; sourceTree = "<group>"; };
		451251761F19404F00ACF5C0 /* Info.plist */ = {isa = PBXFileReference; lastKnownFileType = text.plist.xml; path = Info.plist; sourceTree = "<group>"; };
/* End PBXFileReference section */

/* Begin PBXFrameworksBuildPhase section */
		4512515F1F19404F00ACF5C0 /* Frameworks */ = {
			isa = PBXFrameworksBuildPhase;
			buildActionMask = 2147483647;
			files = (
			);
			runOnlyForDeploymentPostprocessing = 0;
		};
/* End PBXFrameworksBuildPhase section */

/* Begin PBXGroup section */
		451251591F19404F00ACF5C0 = {
			isa = PBXGroup;
			children = (
				451251641F19404F00ACF5C0 /* PageParser */,
				451251631F19404F00ACF5C0 /* Products */,
			);
			sourceTree = "<group>";
		};
		451251631F19404F00ACF5C0 /* Products */ = {
			isa = PBXGroup;
			children = (
				451251621F19404F00ACF5C0 /* PageParser.app */,
			);
			name = Products;
			sourceTree = "<group>";
		};
		451251641F19404F00ACF5C0 /* PageParser */ = {
			isa = PBXGroup;
			children = (
				451251681F19404F00ACF5C0 /* AppDelegate.h */,
				451251691F19404F00ACF5C0 /* AppDelegate.m */,
				4512516B1F19404F00ACF5C0 /* ViewController.h */,
				4512516C1F19404F00ACF5C0 /* ViewController.m */,
				4512516E1F19404F00ACF5C0 /* Main.storyboard */,
				451251711F19404F00ACF5C0 /* Assets.xcassets */,
				451251731F19404F00ACF5C0 /* LaunchScreen.storyboard */,
				451251761F19404F00ACF5C0 /* Info.plist */,
				451251651F19404F00ACF5C0 /* Supporting Files */,
			);
			path = PageParser;
			sourceTree = "<group>";
		};
		451251651F19404F00ACF5C0 /* Supporting Files */ = {
			isa = PBXGroup;
			children = (
				451251661F19404F00ACF5C0 /* main.m */,
			);
			name = "Supporting Files";
			sourceTree = "<group>";
		};
/* End PBXGroup section */

/* Begin PBXNativeTarget section */
		451251611F19404F00ACF5C0 /* PageParser */ = {
			isa = PBXNativeTarget;
			buildConfigurationList = 451251791F19404F00ACF5C0 /* Build configuration list for PBXNativeTarget "PageParser" */;
			buildPhases = (
				4512515E1F19404F00ACF5C0 /* Sources */,
				4512515F1F19404F00ACF5C0 /* Frameworks */,
				451251601F19404F00ACF5C0 /* Resources */,
			);
			buildRules = (
			);
			dependencies = (
			);
			name = PageParser;
			productName = PageParser;
			productReference = 451251621F19404F00ACF5C0 /* PageParser.app */;
			productType = "com.apple.product-type.application";
		};
/* End PBXNativeTarget section */

/* Begin PBXProject section */
		4512515A1F19404F00ACF5C0 /* Project object */ = {
			isa = PBXProject;
			attributes = {
				LastUpgradeCheck = 0830;
				ORGANIZATIONNAME = Empty;
				TargetAttributes = {
					451251611F19404F00ACF5C0 = {
						CreatedOnToolsVersion = 8.3.3;
						DevelopmentTeam = 79E77Q3Z46;
						ProvisioningStyle = Automatic;
					};
				};
			};
			buildConfigurationList = 4512515D1F19404F00ACF5C0 /* Build configuration list for PBXProject "PageParser" */;
			compatibilityVersion = "Xcode 3.2";
			developmentRegion = English;
			hasScannedForEncodings = 0;
			knownRegions = (
				en,
				Base,
			);
			mainGroup = 451251591F19404F00ACF5C0;
			productRefGroup = 451251631F19404F00ACF5C0 /* Products */;
			projectDirPath = "";
			projectRoot = "";
			targets = (
				451251611F19404F00ACF5C0 /* PageParser */,
			);
		};
/* End PBXProject section */

/* Begin PBXResourcesBuildPhase section */
		451251601F19404F00ACF5C0 /* Resources */ = {
			isa = PBXResourcesBuildPhase;
			buildActionMask = 2147483647;
			files = (
				451251751F19404F00ACF5C0 /* LaunchScreen.storyboard in Resources */,
				451251721F19404F00ACF5C0 /* Assets.xcassets in Resources */,
				451251701F19404F00ACF5C0 /* Main.storyboard in Resources */,
			);
			runOnlyForDeploymentPostprocessing = 0;
		};
/* End PBXResourcesBuildPhase section */

/* Begin PBXSourcesBuildPhase section */
		4512515E1F19404F00ACF5C0 /* Sources */ = {
			isa = PBXSourcesBuildPhase;
			buildActionMask = 2147483647;
			files = (
				4512516D1F19404F00ACF5C0 /* ViewController.m in Sources */,
				4512516A1F19404F00ACF5C0 /* AppDelegate.m in Sources */,
				451251671F19404F00ACF5C0 /* main.m in Sources */,
			);
			runOnlyForDeploymentPostprocessing = 0;
		};
/* End PBXSourcesBuildPhase section */

/* Begin PBXVariantGroup section */
		4512516E1F19404F00ACF5C0 /* Main.storyboard */ = {
			isa = PBXVariantGroup;
			children = (
				4512516F1F19404F00ACF5C0 /* Base */,
			);
			name = Main.storyboard;
			sourceTree = "<group>";
		};
		451251731F19404F00ACF5C0 /* LaunchScreen.storyboard */ = {
			isa = PBXVariantGroup;
			children = (
				451251741F19404F00ACF5C0 /* Base */,
			);
			name = LaunchScreen.storyboard;
			sourceTree = "<group>";
		};
/* End PBXVariantGroup section */

/* Begin XCBuildConfiguration section */
		451251771F19404F00ACF5C0 /* Debug */ = {
			isa = XCBuildConfiguration;
			buildSettings = {
				ALWAYS_SEARCH_USER_PATHS = NO;
				CLANG_ANALYZER_NONNULL = YES;
				CLANG_ANALYZER_NUMBER_OBJECT_CONVERSION = YES_AGGRESSIVE;
				CLANG_CXX_LANGUAGE_STANDARD = "gnu++0x";
				CLANG_CXX_LIBRARY = "libc++";
				CLANG_ENABLE_MODULES = YES;
				CLANG_ENABLE_OBJC_ARC = YES;
				CLANG_WARN_BOOL_CONVERSION = YES;
				CLANG_WARN_CONSTANT_CONVERSION = YES;
				CLANG_WARN_DIRECT_OBJC_ISA_USAGE = YES_ERROR;
				CLANG_WARN_DOCUMENTATION_COMMENTS = YES;
				CLANG_WARN_EMPTY_BODY = YES;
				CLANG_WARN_ENUM_CONVERSION = YES;
				CLANG_WARN_INFINITE_RECURSION = YES;
				CLANG_WARN_INT_CONVERSION = YES;
				CLANG_WARN_OBJC_ROOT_CLASS = YES_ERROR;
				CLANG_WARN_SUSPICIOUS_MOVE = YES;
				CLANG_WARN_UNREACHABLE_CODE = YES;
				CLANG_WARN__DUPLICATE_METHOD_MATCH = YES;
				"CODE_SIGN_IDENTITY[sdk=iphoneos*]" = "iPhone Developer";
				COPY_PHASE_STRIP = NO;
				DEBUG_INFORMATION_FORMAT = dwarf;
				ENABLE_STRICT_OBJC_MSGSEND = YES;
				ENABLE_TESTABILITY = YES;
				GCC_C_LANGUAGE_STANDARD = gnu99;
				GCC_DYNAMIC_NO_PIC = NO;
				GCC_NO_COMMON_BLOCKS = YES;
				GCC_OPTIMIZATION_LEVEL = 0;
				GCC_PREPROCESSOR_DEFINITIONS = (
					"DEBUG=1",
					"$(inherited)",
				);
				GCC_WARN_64_TO_32_BIT_CONVERSION = YES;
				GCC_WARN_ABOUT_RETURN_TYPE = YES_ERROR;
				GCC_WARN_UNDECLARED_SELECTOR = YES;
				GCC_WARN_UNINITIALIZED_AUTOS = YES_AGGRESSIVE;
				GCC_WARN_UNUSED_FUNCTION = YES;
				GCC_WARN_UNUSED_VARIABLE = YES;
				IPHONEOS_DEPLOYMENT_TARGET = 10.3;
				MTL_ENABLE_DEBUG_INFO = YES;
				ONLY_ACTIVE_ARCH = YES;
				SDKROOT = iphoneos;
			};
			name = Debug;
		};
		451251781F19404F00ACF5C0 /* Release */ = {
			isa = XCBuildConfiguration;
			buildSettings = {
				ALWAYS_SEARCH_USER_PATHS = NO;
				CLANG_ANALYZER_NONNULL = YES;
				CLANG_ANALYZER_NUMBER_OBJECT_CONVERSION = YES_AGGRESSIVE;
				CLANG_CXX_LANGUAGE_STANDARD = "gnu++0x";
				CLANG_CXX_LIBRARY = "libc++";
				CLANG_ENABLE_MODULES = YES;
				CLANG_ENABLE_OBJC_ARC = YES;
				CLANG_WARN_BOOL_CONVERSION = YES;
				CLANG_WARN_CONSTANT_CONVERSION = YES;
				CLANG_WARN_DIRECT_OBJC_ISA_USAGE = YES_ERROR;
				CLANG_WARN_DOCUMENTATION_COMMENTS = YES;
				CLANG_WARN_EMPTY_BODY = YES;
				CLANG_WARN_ENUM_CONVERSION = YES;
				CLANG_WARN_INFINITE_RECURSION = YES;
				CLANG_WARN_INT_CONVERSION = YES;
				CLANG_WARN_OBJC_ROOT_CLASS = YES_ERROR;
				CLANG_WARN_SUSPICIOUS_MOVE = YES;
				CLANG_WARN_UNREACHABLE_CODE = YES;
				CLANG_WARN__DUPLICATE_METHOD_MATCH = YES;
				"CODE_SIGN_IDENTITY[sdk=iphoneos*]" = "iPhone Developer";
				COPY_PHASE_STRIP = NO;
				DEBUG_INFORMATION_FORMAT = "dwarf-with-dsym";
				ENABLE_NS_ASSERTIONS = NO;
				ENABLE_STRICT_OBJC_MSGSEND = YES;
				GCC_C_LANGUAGE_STANDARD = gnu99;
				GCC_NO_COMMON_BLOCKS = YES;
				GCC_WARN_64_TO_32_BIT_CONVERSION = YES;
				GCC_WARN_ABOUT_RETURN_TYPE = YES_ERROR;
				GCC_WARN_UNDECLARED_SELECTOR = YES;
				GCC_WARN_UNINITIALIZED_AUTOS = YES_AGGRESSIVE;
				GCC_WARN_UNUSED_FUNCTION = YES;
				GCC_WARN_UNUSED_VARIABLE = YES;
				IPHONEOS_DEPLOYMENT_TARGET = 10.3;
				MTL_ENABLE_DEBUG_INFO = NO;
				SDKROOT = iphoneos;
				VALIDATE_PRODUCT = YES;
			};
			name = Release;
		};
		4512517A1F19404F00ACF5C0 /* Debug */ = {
			isa = XCBuildConfiguration;
			buildSettings = {
				ASSETCATALOG_COMPILER_APPICON_NAME = AppIcon;
				DEVELOPMENT_TEAM = 79E77Q3Z46;
				INFOPLIST_FILE = PageParser/Info.plist;
				LD_RUNPATH_SEARCH_PATHS = "$(inherited) @executable_path/Frameworks";
				PRODUCT_BUNDLE_IDENTIFIER = com.empty.pp.PageParser;
				PRODUCT_NAME = "$(TARGET_NAME)";
			};
			name = Debug;
		};
		4512517B1F19404F00ACF5C0 /* Release */ = {
			isa = XCBuildConfiguration;
			buildSettings = {
				ASSETCATALOG_COMPILER_APPICON_NAME = AppIcon;
				DEVELOPMENT_TEAM = 79E77Q3Z46;
				INFOPLIST_FILE = PageParser/Info.plist;
				LD_RUNPATH_SEARCH_PATHS = "$(inherited) @executable_path/Frameworks";
				PRODUCT_BUNDLE_IDENTIFIER = com.empty.pp.PageParser;
				PRODUCT_NAME = "$(TARGET_NAME)";
			};
			name = Release;
		};
/* End XCBuildConfiguration section */

/* Begin XCConfigurationList section */
		4512515D1F19404F00ACF5C0 /* Build configuration list for PBXProject "PageParser" */ = {
			isa = XCConfigurationList;
			buildConfigurations = (
				451251771F19404F00ACF5C0 /* Debug */,
				451251781F19404F00ACF5C0 /* Release */,
			);
			defaultConfigurationIsVisible = 0;
			defaultConfigurationName = Release;
		};
		451251791F19404F00ACF5C0 /* Build configuration list for PBXNativeTarget "PageParser" */ = {
			isa = XCConfigurationList;
			buildConfigurations = (
				4512517A1F19404F00ACF5C0 /* Debug */,
				4512517B1F19404F00ACF5C0 /* Release */,
			);
			defaultConfigurationIsVisible = 0;
		};
/* End XCConfigurationList section */
	};
	rootObject = 4512515A1F19404F00ACF5C0 /* Project object */;
}
